{
  "name": "@strive-cli/exec",
  "version": "1.3.6",
  "lockfileVersion": 2,
  "requires": true,
  "packages": {
    "": {
      "name": "@strive-cli/exec",
      "version": "1.3.6",
      "license": "ISC",
      "dependencies": {
        "@strive-cli/log": "file:../../utils/log",
        "@strive-cli/package": "file:../../models/package",
        "@strive-cli/utils": "file:../../utils/utils"
      }
    },
    "../models/package": {},
    "../utils/log": {},
    "../utils/utils": {},
    "node_modules/@strive-cli/log": {
      "resolved": "../utils/log",
      "link": true
    },
    "node_modules/@strive-cli/package": {
      "resolved": "../models/package",
      "link": true
    },
    "node_modules/@strive-cli/utils": {
      "resolved": "../utils/utils",
      "link": true
    }
  },
  "dependencies": {
    "@strive-cli/log": {
      "version": "file:../utils/log"
    },
    "@strive-cli/package": {
      "version": "file:../models/package"
    },
    "@strive-cli/utils": {
      "version": "file:../utils/utils"
    }
  }
}
